
Microsoft Visual Studio Solution File, Format Version 12.00
# Visual Studio 15
VisualStudioVersion = 15.0.27703.2026
MinimumVisualStudioVersion = 10.0.40219.1
Project("{FAE04EC0-301F-11D3-BF4B-00C04F79EFBC}") = "Abp.Grpc.Server.Demo", "Abp.Grpc.Server.Demo\Abp.Grpc.Server.Demo.csproj", "{852E6D26-35BC-4400-BDDD-F51E814FCFA8}"
EndProject
Global
	GlobalSection(SolutionConfigurationPlatforms) = preSolution
		Debug|Any CPU = Debug|Any CPU
		Release|Any CPU = Release|Any CPU
	EndGlobalSection
	GlobalSection(ProjectConfigurationPlatforms) = postSolution
		{852E6D26-35BC-4400-BDDD-F51E814FCFA8}.Debug|Any CPU.ActiveCfg = Debug|Any CPU
		{852E6D26-35BC-4400-BDDD-F51E814FCFA8}.Debug|Any CPU.Build.0 = Debug|Any CPU
		{852E6D26-35BC-4400-BDDD-F51E814FCFA8}.Release|Any CPU.ActiveCfg = Release|Any CPU
		{852E6D26-35BC-4400-BDDD-F51E814FCFA8}.Release|Any CPU.Build.0 = Release|Any CPU
	EndGlobalSection
	GlobalSection(SolutionProperties) = preSolution
		HideSolutionNode = FALSE
	EndGlobalSection
	GlobalSection(ExtensibilityGlobals) = postSolution
		SolutionGuid = {219404E1-93CE-4CB4-921E-06C6482A9F00}
	EndGlobalSection
EndGlobal
